
Microsoft Visual Studio Solution File, Format Version 12.00
# Visual Studio 15
VisualStudioVersion = 15.0.28307.421
MinimumVisualStudioVersion = 10.0.40219.1
Project("{9A19103F-16F7-4668-BE54-9A1E7A4F7556}") = "WebAppFoodOrder.Api", "WebAppFoodOrder.Api\WebAppFoodOrder.Api.csproj", "{AA8062D2-6385-428F-8E94-67CB98F46522}"
EndProject
Project("{9A19103F-16F7-4668-BE54-9A1E7A4F7556}") = "WebAppFoodOrder.Web", "WebAppFoodOrder.Web\WebAppFoodOrder.Web.csproj", "{91BBFEDD-9053-4DF6-A66A-A1844CC57B2C}"
EndProject
Project("{9A19103F-16F7-4668-BE54-9A1E7A4F7556}") = "WebAppFoodOrder.Services", "WebAppFoodOrder.Services\WebAppFoodOrder.Services.csproj", "{8F4CE5EB-6952-4A16-801B-455E88EDCD21}"
EndProject
Project("{9A19103F-16F7-4668-BE54-9A1E7A4F7556}") = "WebAppFoodOrder.Data", "WebAppFoodOrder.Data\WebAppFoodOrder.Data.csproj", "{DC08AC38-207D-4FC7-845C-F394F8BD57FA}"
EndProject
Global
	GlobalSection(SolutionConfigurationPlatforms) = preSolution
		Debug|Any CPU = Debug|Any CPU
		Release|Any CPU = Release|Any CPU
	EndGlobalSection
	GlobalSection(ProjectConfigurationPlatforms) = postSolution
		{AA8062D2-6385-428F-8E94-67CB98F46522}.Debug|Any CPU.ActiveCfg = Debug|Any CPU
		{AA8062D2-6385-428F-8E94-67CB98F46522}.Debug|Any CPU.Build.0 = Debug|Any CPU
		{AA8062D2-6385-428F-8E94-67CB98F46522}.Release|Any CPU.ActiveCfg = Release|Any CPU
		{AA8062D2-6385-428F-8E94-67CB98F46522}.Release|Any CPU.Build.0 = Release|Any CPU
		{91BBFEDD-9053-4DF6-A66A-A1844CC57B2C}.Debug|Any CPU.ActiveCfg = Debug|Any CPU
		{91BBFEDD-9053-4DF6-A66A-A1844CC57B2C}.Debug|Any CPU.Build.0 = Debug|Any CPU
		{91BBFEDD-9053-4DF6-A66A-A1844CC57B2C}.Release|Any CPU.ActiveCfg = Release|Any CPU
		{91BBFEDD-9053-4DF6-A66A-A1844CC57B2C}.Release|Any CPU.Build.0 = Release|Any CPU
		{8F4CE5EB-6952-4A16-801B-455E88EDCD21}.Debug|Any CPU.ActiveCfg = Debug|Any CPU
		{8F4CE5EB-6952-4A16-801B-455E88EDCD21}.Debug|Any CPU.Build.0 = Debug|Any CPU
		{8F4CE5EB-6952-4A16-801B-455E88EDCD21}.Release|Any CPU.ActiveCfg = Release|Any CPU
		{8F4CE5EB-6952-4A16-801B-455E88EDCD21}.Release|Any CPU.Build.0 = Release|Any CPU
		{DC08AC38-207D-4FC7-845C-F394F8BD57FA}.Debug|Any CPU.ActiveCfg = Debug|Any CPU
		{DC08AC38-207D-4FC7-845C-F394F8BD57FA}.Debug|Any CPU.Build.0 = Debug|Any CPU
		{DC08AC38-207D-4FC7-845C-F394F8BD57FA}.Release|Any CPU.ActiveCfg = Release|Any CPU
		{DC08AC38-207D-4FC7-845C-F394F8BD57FA}.Release|Any CPU.Build.0 = Release|Any CPU
	EndGlobalSection
	GlobalSection(SolutionProperties) = preSolution
		HideSolutionNode = FALSE
	EndGlobalSection
	GlobalSection(ExtensibilityGlobals) = postSolution
		SolutionGuid = {CFDE1AF2-41EA-487E-919F-C69931753D3F}
	EndGlobalSection
EndGlobal
